
Microsoft Visual Studio Solution File, Format Version 12.00
# Visual Studio 15
VisualStudioVersion = 15.0.27703.2035
MinimumVisualStudioVersion = 10.0.40219.1
Project("{FAE04EC0-301F-11D3-BF4B-00C04F79EFBC}") = "Login", "Login\Login.csproj", "{C6DE5683-7612-481C-9212-2EB55617ED5B}"
EndProject
Global
	GlobalSection(SolutionConfigurationPlatforms) = preSolution
		Debug|Any CPU = Debug|Any CPU
		Release|Any CPU = Release|Any CPU
	EndGlobalSection
	GlobalSection(ProjectConfigurationPlatforms) = postSolution
		{C6DE5683-7612-481C-9212-2EB55617ED5B}.Debug|Any CPU.ActiveCfg = Debug|Any CPU
		{C6DE5683-7612-481C-9212-2EB55617ED5B}.Debug|Any CPU.Build.0 = Debug|Any CPU
		{C6DE5683-7612-481C-9212-2EB55617ED5B}.Release|Any CPU.ActiveCfg = Release|Any CPU
		{C6DE5683-7612-481C-9212-2EB55617ED5B}.Release|Any CPU.Build.0 = Release|Any CPU
	EndGlobalSection
	GlobalSection(SolutionProperties) = preSolution
		HideSolutionNode = FALSE
	EndGlobalSection
	GlobalSection(ExtensibilityGlobals) = postSolution
		SolutionGuid = {9FD723D2-D3AB-4A0B-9DF4-0165B66EA5AD}
	EndGlobalSection
EndGlobal
